
Microsoft Visual Studio Solution File, Format Version 12.00
# Visual Studio Version 17
VisualStudioVersion = 17.4.33110.190
MinimumVisualStudioVersion = 10.0.40219.1
Project("{FAE04EC0-301F-11D3-BF4B-00C04F79EFBC}") = "AddressBookDay23", "AddressBookDay23.csproj", "{4483B158-C1DE-44AE-AFA3-679D6B56FFEE}"
EndProject
Global
	GlobalSection(SolutionConfigurationPlatforms) = preSolution
		Debug|Any CPU = Debug|Any CPU
		Release|Any CPU = Release|Any CPU
	EndGlobalSection
	GlobalSection(ProjectConfigurationPlatforms) = postSolution
		{4483B158-C1DE-44AE-AFA3-679D6B56FFEE}.Debug|Any CPU.ActiveCfg = Debug|Any CPU
		{4483B158-C1DE-44AE-AFA3-679D6B56FFEE}.Debug|Any CPU.Build.0 = Debug|Any CPU
		{4483B158-C1DE-44AE-AFA3-679D6B56FFEE}.Release|Any CPU.ActiveCfg = Release|Any CPU
		{4483B158-C1DE-44AE-AFA3-679D6B56FFEE}.Release|Any CPU.Build.0 = Release|Any CPU
	EndGlobalSection
	GlobalSection(SolutionProperties) = preSolution
		HideSolutionNode = FALSE
	EndGlobalSection
	GlobalSection(ExtensibilityGlobals) = postSolution
		SolutionGuid = {1EF5517F-EF9A-4483-9A29-033E775C7865}
	EndGlobalSection
EndGlobal
